
Microsoft Visual Studio Solution File, Format Version 12.00
# Visual Studio 14
VisualStudioVersion = 14.0.25420.1
MinimumVisualStudioVersion = 10.0.40219.1
Project("{FAE04EC0-301F-11D3-BF4B-00C04F79EFBC}") = "webApiMutant", "webApiMutant\webApiMutant.csproj", "{46BC2117-7620-4DA5-84B1-1D4E7978B34A}"
EndProject
Project("{FAE04EC0-301F-11D3-BF4B-00C04F79EFBC}") = "webApiMutant.Tests", "webApiMutant.Tests\webApiMutant.Tests.csproj", "{D3268033-7C75-4C31-94EE-F85CAC75101B}"
EndProject
Project("{FAE04EC0-301F-11D3-BF4B-00C04F79EFBC}") = "Infraestructura", "Infraestructura\Infraestructura.csproj", "{A9040031-6545-4739-87DD-F6F2D273A2E4}"
EndProject
Project("{FAE04EC0-301F-11D3-BF4B-00C04F79EFBC}") = "AppServices", "AppServices\AppServices.csproj", "{9803B58B-9EE5-489C-8074-CE4E9F382CFC}"
EndProject
Project("{FAE04EC0-301F-11D3-BF4B-00C04F79EFBC}") = "AppRepository", "AppRepository\AppRepository.csproj", "{DDCDD22E-5E12-4C5E-9C78-4F7D18B6C54C}"
EndProject
Global
	GlobalSection(SolutionConfigurationPlatforms) = preSolution
		Debug|Any CPU = Debug|Any CPU
		Release|Any CPU = Release|Any CPU
	EndGlobalSection
	GlobalSection(ProjectConfigurationPlatforms) = postSolution
		{46BC2117-7620-4DA5-84B1-1D4E7978B34A}.Debug|Any CPU.ActiveCfg = Debug|Any CPU
		{46BC2117-7620-4DA5-84B1-1D4E7978B34A}.Debug|Any CPU.Build.0 = Debug|Any CPU
		{46BC2117-7620-4DA5-84B1-1D4E7978B34A}.Release|Any CPU.ActiveCfg = Release|Any CPU
		{46BC2117-7620-4DA5-84B1-1D4E7978B34A}.Release|Any CPU.Build.0 = Release|Any CPU
		{D3268033-7C75-4C31-94EE-F85CAC75101B}.Debug|Any CPU.ActiveCfg = Debug|Any CPU
		{D3268033-7C75-4C31-94EE-F85CAC75101B}.Debug|Any CPU.Build.0 = Debug|Any CPU
		{D3268033-7C75-4C31-94EE-F85CAC75101B}.Release|Any CPU.ActiveCfg = Release|Any CPU
		{D3268033-7C75-4C31-94EE-F85CAC75101B}.Release|Any CPU.Build.0 = Release|Any CPU
		{A9040031-6545-4739-87DD-F6F2D273A2E4}.Debug|Any CPU.ActiveCfg = Debug|Any CPU
		{A9040031-6545-4739-87DD-F6F2D273A2E4}.Debug|Any CPU.Build.0 = Debug|Any CPU
		{A9040031-6545-4739-87DD-F6F2D273A2E4}.Release|Any CPU.ActiveCfg = Release|Any CPU
		{A9040031-6545-4739-87DD-F6F2D273A2E4}.Release|Any CPU.Build.0 = Release|Any CPU
		{9803B58B-9EE5-489C-8074-CE4E9F382CFC}.Debug|Any CPU.ActiveCfg = Debug|Any CPU
		{9803B58B-9EE5-489C-8074-CE4E9F382CFC}.Debug|Any CPU.Build.0 = Debug|Any CPU
		{9803B58B-9EE5-489C-8074-CE4E9F382CFC}.Release|Any CPU.ActiveCfg = Release|Any CPU
		{9803B58B-9EE5-489C-8074-CE4E9F382CFC}.Release|Any CPU.Build.0 = Release|Any CPU
		{DDCDD22E-5E12-4C5E-9C78-4F7D18B6C54C}.Debug|Any CPU.ActiveCfg = Debug|Any CPU
		{DDCDD22E-5E12-4C5E-9C78-4F7D18B6C54C}.Debug|Any CPU.Build.0 = Debug|Any CPU
		{DDCDD22E-5E12-4C5E-9C78-4F7D18B6C54C}.Release|Any CPU.ActiveCfg = Release|Any CPU
		{DDCDD22E-5E12-4C5E-9C78-4F7D18B6C54C}.Release|Any CPU.Build.0 = Release|Any CPU
	EndGlobalSection
	GlobalSection(SolutionProperties) = preSolution
		HideSolutionNode = FALSE
	EndGlobalSection
EndGlobal
